PODS:
  - CocoaLumberjack (2.0.0-rc):
    - CocoaLumberjack/Default (= 2.0.0-rc)
    - CocoaLumberjack/Extensions (= 2.0.0-rc)
  - CocoaLumberjack/Core (2.0.0-rc)
  - CocoaLumberjack/Default (2.0.0-rc):
    - CocoaLumberjack/Core
  - CocoaLumberjack/Extensions (2.0.0-rc):
    - CocoaLumberjack/Default
  - ECSlidingViewController (2.0.3)
  - GoogleAnalytics-iOS-SDK (3.10):
    - GoogleAnalytics-iOS-SDK/Core (= 3.10)
  - GoogleAnalytics-iOS-SDK/Core (3.10)
  - WYPopoverController (0.2.2)
  - ZeroPush (2.0.4)

DEPENDENCIES:
  - CocoaLumberjack (~> 2.0beta)
  - ECSlidingViewController (~> 2.0.3)
  - GoogleAnalytics-iOS-SDK (~> 3.0)
  - WYPopoverController (~> 0.2.2)
  - ZeroPush (~> 2.0)

SPEC CHECKSUMS:
  CocoaLumberjack: 6186e27827fc574b50b16c10102fcc591437f06c
  ECSlidingViewController: e79fe856bfb1a99a39c995377a1943e50f7647eb
  GoogleAnalytics-iOS-SDK: f422062075d9ccb1ea8d783fc5ba3829461e9502
  WYPopoverController: c233d69fdfd5c7e316b481df1060624d7a9e629d
  ZeroPush: c90562f54d7db07c948f89b23f1a447f61f0041b

COCOAPODS: 0.35.0
